
Microsoft Visual Studio Solution File, Format Version 12.00
# Visual Studio Version 16
Project("{8BC9CEB8-8B4A-11D0-8D11-00A0C91BC942}") = "ALL_BUILD", "ALL_BUILD.vcxproj", "{01B1330C-C0D3-38AD-8311-97AD27150703}"
	ProjectSection(ProjectDependencies) = postProject
		{7B2BEDFA-CF7B-3AF8-9BDE-115C1F9EAC12} = {7B2BEDFA-CF7B-3AF8-9BDE-115C1F9EAC12}
		{74103245-2945-3C75-89A3-5721A50F68A4} = {74103245-2945-3C75-89A3-5721A50F68A4}
	EndProjectSection
EndProject
Project("{8BC9CEB8-8B4A-11D0-8D11-00A0C91BC942}") = "PendulumPainter", "PendulumPainter.vcxproj", "{7B2BEDFA-CF7B-3AF8-9BDE-115C1F9EAC12}"
	ProjectSection(ProjectDependencies) = postProject
		{74103245-2945-3C75-89A3-5721A50F68A4} = {74103245-2945-3C75-89A3-5721A50F68A4}
	EndProjectSection
EndProject
Project("{8BC9CEB8-8B4A-11D0-8D11-00A0C91BC942}") = "ZERO_CHECK", "ZERO_CHECK.vcxproj", "{74103245-2945-3C75-89A3-5721A50F68A4}"
	ProjectSection(ProjectDependencies) = postProject
	EndProjectSection
EndProject
Global
	GlobalSection(SolutionConfigurationPlatforms) = preSolution
		Debug|x64 = Debug|x64
		Release|x64 = Release|x64
		MinSizeRel|x64 = MinSizeRel|x64
		RelWithDebInfo|x64 = RelWithDebInfo|x64
	EndGlobalSection
	GlobalSection(ProjectConfigurationPlatforms) = postSolution
		{01B1330C-C0D3-38AD-8311-97AD27150703}.Debug|x64.ActiveCfg = Debug|x64
		{01B1330C-C0D3-38AD-8311-97AD27150703}.Release|x64.ActiveCfg = Release|x64
		{01B1330C-C0D3-38AD-8311-97AD27150703}.MinSizeRel|x64.ActiveCfg = MinSizeRel|x64
		{01B1330C-C0D3-38AD-8311-97AD27150703}.RelWithDebInfo|x64.ActiveCfg = RelWithDebInfo|x64
		{7B2BEDFA-CF7B-3AF8-9BDE-115C1F9EAC12}.Debug|x64.ActiveCfg = Debug|x64
		{7B2BEDFA-CF7B-3AF8-9BDE-115C1F9EAC12}.Debug|x64.Build.0 = Debug|x64
		{7B2BEDFA-CF7B-3AF8-9BDE-115C1F9EAC12}.Release|x64.ActiveCfg = Release|x64
		{7B2BEDFA-CF7B-3AF8-9BDE-115C1F9EAC12}.Release|x64.Build.0 = Release|x64
		{7B2BEDFA-CF7B-3AF8-9BDE-115C1F9EAC12}.MinSizeRel|x64.ActiveCfg = MinSizeRel|x64
		{7B2BEDFA-CF7B-3AF8-9BDE-115C1F9EAC12}.MinSizeRel|x64.Build.0 = MinSizeRel|x64
		{7B2BEDFA-CF7B-3AF8-9BDE-115C1F9EAC12}.RelWithDebInfo|x64.ActiveCfg = RelWithDebInfo|x64
		{7B2BEDFA-CF7B-3AF8-9BDE-115C1F9EAC12}.RelWithDebInfo|x64.Build.0 = RelWithDebInfo|x64
		{74103245-2945-3C75-89A3-5721A50F68A4}.Debug|x64.ActiveCfg = Debug|x64
		{74103245-2945-3C75-89A3-5721A50F68A4}.Debug|x64.Build.0 = Debug|x64
		{74103245-2945-3C75-89A3-5721A50F68A4}.Release|x64.ActiveCfg = Release|x64
		{74103245-2945-3C75-89A3-5721A50F68A4}.Release|x64.Build.0 = Release|x64
		{74103245-2945-3C75-89A3-5721A50F68A4}.MinSizeRel|x64.ActiveCfg = MinSizeRel|x64
		{74103245-2945-3C75-89A3-5721A50F68A4}.MinSizeRel|x64.Build.0 = MinSizeRel|x64
		{74103245-2945-3C75-89A3-5721A50F68A4}.RelWithDebInfo|x64.ActiveCfg = RelWithDebInfo|x64
		{74103245-2945-3C75-89A3-5721A50F68A4}.RelWithDebInfo|x64.Build.0 = RelWithDebInfo|x64
	EndGlobalSection
	GlobalSection(ExtensibilityGlobals) = postSolution
		SolutionGuid = {A1DC507B-860A-381F-B216-6FCDE5DA29F2}
	EndGlobalSection
	GlobalSection(ExtensibilityAddIns) = postSolution
	EndGlobalSection
EndGlobal
